// !$*UTF8*$!
{
	archiveVersion = 1;
	classes = {
	};
	objectVersion = 50;
	objects = {

/* Begin PBXBuildFile section */
		60A7AFD024BEE76F0036EBE4 /* AppDelegate.m in Sources */ = {isa = PBXBuildFile; fileRef = 60A7AFCF24BEE76F0036EBE4 /* AppDelegate.m */; };
		60A7AFD324BEE76F0036EBE4 /* SceneDelegate.m in Sources */ = {isa = PBXBuildFile; fileRef = 60A7AFD224BEE76F0036EBE4 /* SceneDelegate.m */; };
		60A7AFD624BEE76F0036EBE4 /* ViewController.m in Sources */ = {isa = PBXBuildFile; fileRef = 60A7AFD524BEE76F0036EBE4 /* ViewController.m */; };
		60A7AFD924BEE76F0036EBE4 /* Main.storyboard in Resources */ = {isa = PBXBuildFile; fileRef = 60A7AFD724BEE76F0036EBE4 /* Main.storyboard */; };
		60A7AFDB24BEE7710036EBE4 /* Assets.xcassets in Resources */ = {isa = PBXBuildFile; fileRef = 60A7AFDA24BEE7710036EBE4 /* Assets.xcassets */; };
		60A7AFDE24BEE7710036EBE4 /* LaunchScreen.storyboard in Resources */ = {isa = PBXBuildFile; fileRef = 60A7AFDC24BEE7710036EBE4 /* LaunchScreen.storyboard */; };
		60A7AFE124BEE7710036EBE4 /* main.m in Sources */ = {isa = PBXBuildFile; fileRef = 60A7AFE024BEE7710036EBE4 /* main.m */; };
		60A7AFEB24BEE7710036EBE4 /* _9________Tests.m in Sources */ = {isa = PBXBuildFile; fileRef = 60A7AFEA24BEE7710036EBE4 /* _9________Tests.m */; };
		60A7AFF624BEE7710036EBE4 /* _9________UITests.m in Sources */ = {isa = PBXBuildFile; fileRef = 60A7AFF524BEE7710036EBE4 /* _9________UITests.m */; };
		60A7B00524BEE79D0036EBE4 /* VCROOT.m in Sources */ = {isa = PBXBuildFile; fileRef = 60A7B00424BEE79D0036EBE4 /* VCROOT.m */; };
/* End PBXBuildFile section */

/* Begin PBXContainerItemProxy section */
		60A7AFE724BEE7710036EBE4 /* PBXContainerItemProxy */ = {
			isa = PBXContainerItemProxy;
			containerPortal = 60A7AFC324BEE76F0036EBE4 /* Project object */;
			proxyType = 1;
			remoteGlobalIDString = 60A7AFCA24BEE76F0036EBE4;
			remoteInfo = "29.导航控制器基础";
		};
		60A7AFF224BEE7710036EBE4 /* PBXContainerItemProxy */ = {
			isa = PBXContainerItemProxy;
			containerPortal = 60A7AFC324BEE76F0036EBE4 /* Project object */;
			proxyType = 1;
			remoteGlobalIDString = 60A7AFCA24BEE76F0036EBE4;
			remoteInfo = "29.导航控制器基础";
		};
/* End PBXContainerItemProxy section */

/* Begin PBXFileReference section */
		60A7AFCB24BEE76F0036EBE4 /* 29.导航控制器基础.app */ = {isa = PBXFileReference; explicitFileType = wrapper.application; includeInIndex = 0; path = "29.导航控制器基础.app"; sourceTree = BUILT_PRODUCTS_DIR; };
		60A7AFCE24BEE76F0036EBE4 /* AppDelegate.h */ = {isa = PBXFileReference; lastKnownFileType = sourcecode.c.h; path = AppDelegate.h; sourceTree = "<group>"; };
		60A7AFCF24BEE76F0036EBE4 /* AppDelegate.m */ = {isa = PBXFileReference; lastKnownFileType = sourcecode.c.objc; path = AppDelegate.m; sourceTree = "<group>"; };
		60A7AFD124BEE76F0036EBE4 /* SceneDelegate.h */ = {isa = PBXFileReference; lastKnownFileType = sourcecode.c.h; path = SceneDelegate.h; sourceTree = "<group>"; };
		60A7AFD224BEE76F0036EBE4 /* SceneDelegate.m */ = {isa = PBXFileReference; lastKnownFileType = sourcecode.c.objc; path = SceneDelegate.m; sourceTree = "<group>"; };
		60A7AFD424BEE76F0036EBE4 /* ViewController.h */ = {isa = PBXFileReference; lastKnownFileType = sourcecode.c.h; path = ViewController.h; sourceTree = "<group>"; };
		60A7AFD524BEE76F0036EBE4 /* ViewController.m */ = {isa = PBXFileReference; lastKnownFileType = sourcecode.c.objc; path = ViewController.m; sourceTree = "<group>"; };
		60A7AFD824BEE76F0036EBE4 /* Base */ = {isa = PBXFileReference; lastKnownFileType = file.storyboard; name = Base; path = Base.lproj/Main.storyboard; sourceTree = "<group>"; };
		60A7AFDA24BEE7710036EBE4 /* Assets.xcassets */ = {isa = PBXFileReference; lastKnownFileType = folder.assetcatalog; path = Assets.xcassets; sourceTree = "<group>"; };
		60A7AFDD24BEE7710036EBE4 /* Base */ = {isa = PBXFileReference; lastKnownFileType = file.storyboard; name = Base; path = Base.lproj/LaunchScreen.storyboard; sourceTree = "<group>"; };
		60A7AFDF24BEE7710036EBE4 /* Info.plist */ = {isa = PBXFileReference; lastKnownFileType = text.plist.xml; path = Info.plist; sourceTree = "<group>"; };
		60A7AFE024BEE7710036EBE4 /* main.m */ = {isa = PBXFileReference; lastKnownFileType = sourcecode.c.objc; path = main.m; sourceTree = "<group>"; };
		60A7AFE624BEE7710036EBE4 /* 29.导航控制器基础Tests.xctest */ = {isa = PBXFileReference; explicitFileType = wrapper.cfbundle; includeInIndex = 0; path = "29.导航控制器基础Tests.xctest"; sourceTree = BUILT_PRODUCTS_DIR; };
		60A7AFEA24BEE7710036EBE4 /* _9________Tests.m */ = {isa = PBXFileReference; lastKnownFileType = sourcecode.c.objc; path = "_9________Tests.m"; sourceTree = "<group>"; };
		60A7AFEC24BEE7710036EBE4 /* Info.plist */ = {isa = PBXFileReference; lastKnownFileType = text.plist.xml; path = Info.plist; sourceTree = "<group>"; };
		60A7AFF124BEE7710036EBE4 /* 29.导航控制器基础UITests.xctest */ = {isa = PBXFileReference; explicitFileType = wrapper.cfbundle; includeInIndex = 0; path = "29.导航控制器基础UITests.xctest"; sourceTree = BUILT_PRODUCTS_DIR; };
		60A7AFF524BEE7710036EBE4 /* _9________UITests.m */ = {isa = PBXFileReference; lastKnownFileType = sourcecode.c.objc; path = "_9________UITests.m"; sourceTree = "<group>"; };
		60A7AFF724BEE7710036EBE4 /* Info.plist */ = {isa = PBXFileReference; lastKnownFileType = text.plist.xml; path = Info.plist; sourceTree = "<group>"; };
		60A7B00324BEE79D0036EBE4 /* VCROOT.h */ = {isa = PBXFileReference; lastKnownFileType = sourcecode.c.h; path = VCROOT.h; sourceTree = "<group>"; };
		60A7B00424BEE79D0036EBE4 /* VCROOT.m */ = {isa = PBXFileReference; lastKnownFileType = sourcecode.c.objc; path = VCROOT.m; sourceTree = "<group>"; };
/* End PBXFileReference section */

/* Begin PBXFrameworksBuildPhase section */
		60A7AFC824BEE76F0036EBE4 /* Frameworks */ = {
			isa = PBXFrameworksBuildPhase;
			buildActionMask = 2147483647;
			files = (
			);
			runOnlyForDeploymentPostprocessing = 0;
		};
		60A7AFE324BEE7710036EBE4 /* Frameworks */ = {
			isa = PBXFrameworksBuildPhase;
			buildActionMask = 2147483647;
			files = (
			);
			runOnlyForDeploymentPostprocessing = 0;
		};
		60A7AFEE24BEE7710036EBE4 /* Frameworks */ = {
			isa = PBXFrameworksBuildPhase;
			buildActionMask = 2147483647;
			files = (
			);
			runOnlyForDeploymentPostprocessing = 0;
		};
/* End PBXFrameworksBuildPhase section */

/* Begin PBXGroup section */
		60A7AFC224BEE76F0036EBE4 = {
			isa = PBXGroup;
			children = (
				60A7AFCD24BEE76F0036EBE4 /* 29.导航控制器基础 */,
				60A7AFE924BEE7710036EBE4 /* 29.导航控制器基础Tests */,
				60A7AFF424BEE7710036EBE4 /* 29.导航控制器基础UITests */,
				60A7AFCC24BEE76F0036EBE4 /* Products */,
			);
			sourceTree = "<group>";
		};
		60A7AFCC24BEE76F0036EBE4 /* Products */ = {
			isa = PBXGroup;
			children = (
				60A7AFCB24BEE76F0036EBE4 /* 29.导航控制器基础.app */,
				60A7AFE624BEE7710036EBE4 /* 29.导航控制器基础Tests.xctest */,
				60A7AFF124BEE7710036EBE4 /* 29.导航控制器基础UITests.xctest */,
			);
			name = Products;
			sourceTree = "<group>";
		};
		60A7AFCD24BEE76F0036EBE4 /* 29.导航控制器基础 */ = {
			isa = PBXGroup;
			children = (
				60A7AFCE24BEE76F0036EBE4 /* AppDelegate.h */,
				60A7AFCF24BEE76F0036EBE4 /* AppDelegate.m */,
				60A7B00324BEE79D0036EBE4 /* VCROOT.h */,
				60A7B00424BEE79D0036EBE4 /* VCROOT.m */,
				60A7AFD124BEE76F0036EBE4 /* SceneDelegate.h */,
				60A7AFD224BEE76F0036EBE4 /* SceneDelegate.m */,
				60A7AFD424BEE76F0036EBE4 /* ViewController.h */,
				60A7AFD524BEE76F0036EBE4 /* ViewController.m */,
				60A7AFD724BEE76F0036EBE4 /* Main.storyboard */,
				60A7AFDA24BEE7710036EBE4 /* Assets.xcassets */,
				60A7AFDC24BEE7710036EBE4 /* LaunchScreen.storyboard */,
				60A7AFDF24BEE7710036EBE4 /* Info.plist */,
				60A7AFE024BEE7710036EBE4 /* main.m */,
			);
			path = "29.导航控制器基础";
			sourceTree = "<group>";
		};
		60A7AFE924BEE7710036EBE4 /* 29.导航控制器基础Tests */ = {
			isa = PBXGroup;
			children = (
				60A7AFEA24BEE7710036EBE4 /* _9________Tests.m */,
				60A7AFEC24BEE7710036EBE4 /* Info.plist */,
			);
			path = "29.导航控制器基础Tests";
			sourceTree = "<group>";
		};
		60A7AFF424BEE7710036EBE4 /* 29.导航控制器基础UITests */ = {
			isa = PBXGroup;
			children = (
				60A7AFF524BEE7710036EBE4 /* _9________UITests.m */,
				60A7AFF724BEE7710036EBE4 /* Info.plist */,
			);
			path = "29.导航控制器基础UITests";
			sourceTree = "<group>";
		};
/* End PBXGroup section */

/* Begin PBXNativeTarget section */
		60A7AFCA24BEE76F0036EBE4 /* 29.导航控制器基础 */ = {
			isa = PBXNativeTarget;
			buildConfigurationList = 60A7AFFA24BEE7710036EBE4 /* Build configuration list for PBXNativeTarget "29.导航控制器基础" */;
			buildPhases = (
				60A7AFC724BEE76F0036EBE4 /* Sources */,
				60A7AFC824BEE76F0036EBE4 /* Frameworks */,
				60A7AFC924BEE76F0036EBE4 /* Resources */,
			);
			buildRules = (
			);
			dependencies = (
			);
			name = "29.导航控制器基础";
			productName = "29.导航控制器基础";
			productReference = 60A7AFCB24BEE76F0036EBE4 /* 29.导航控制器基础.app */;
			productType = "com.apple.product-type.application";
		};
		60A7AFE524BEE7710036EBE4 /* 29.导航控制器基础Tests */ = {
			isa = PBXNativeTarget;
			buildConfigurationList = 60A7AFFD24BEE7710036EBE4 /* Build configuration list for PBXNativeTarget "29.导航控制器基础Tests" */;
			buildPhases = (
				60A7AFE224BEE7710036EBE4 /* Sources */,
				60A7AFE324BEE7710036EBE4 /* Frameworks */,
				60A7AFE424BEE7710036EBE4 /* Resources */,
			);
			buildRules = (
			);
			dependencies = (
				60A7AFE824BEE7710036EBE4 /* PBXTargetDependency */,
			);
			name = "29.导航控制器基础Tests";
			productName = "29.导航控制器基础Tests";
			productReference = 60A7AFE624BEE7710036EBE4 /* 29.导航控制器基础Tests.xctest */;
			productType = "com.apple.product-type.bundle.unit-test";
		};
		60A7AFF024BEE7710036EBE4 /* 29.导航控制器基础UITests */ = {
			isa = PBXNativeTarget;
			buildConfigurationList = 60A7B00024BEE7710036EBE4 /* Build configuration list for PBXNativeTarget "29.导航控制器基础UITests" */;
			buildPhases = (
				60A7AFED24BEE7710036EBE4 /* Sources */,
				60A7AFEE24BEE7710036EBE4 /* Frameworks */,
				60A7AFEF24BEE7710036EBE4 /* Resources */,
			);
			buildRules = (
			);
			dependencies = (
				60A7AFF324BEE7710036EBE4 /* PBXTargetDependency */,
			);
			name = "29.导航控制器基础UITests";
			productName = "29.导航控制器基础UITests";
			productReference = 60A7AFF124BEE7710036EBE4 /* 29.导航控制器基础UITests.xctest */;
			productType = "com.apple.product-type.bundle.ui-testing";
		};
/* End PBXNativeTarget section */

/* Begin PBXProject section */
		60A7AFC324BEE76F0036EBE4 /* Project object */ = {
			isa = PBXProject;
			attributes = {
				LastUpgradeCheck = 1150;
				ORGANIZATIONNAME = young_jerry;
				TargetAttributes = {
					60A7AFCA24BEE76F0036EBE4 = {
						CreatedOnToolsVersion = 11.5;
					};
					60A7AFE524BEE7710036EBE4 = {
						CreatedOnToolsVersion = 11.5;
						TestTargetID = 60A7AFCA24BEE76F0036EBE4;
					};
					60A7AFF024BEE7710036EBE4 = {
						CreatedOnToolsVersion = 11.5;
						TestTargetID = 60A7AFCA24BEE76F0036EBE4;
					};
				};
			};
			buildConfigurationList = 60A7AFC624BEE76F0036EBE4 /* Build configuration list for PBXProject "29.导航控制器基础" */;
			compatibilityVersion = "Xcode 9.3";
			developmentRegion = en;
			hasScannedForEncodings = 0;
			knownRegions = (
				en,
				Base,
			);
			mainGroup = 60A7AFC224BEE76F0036EBE4;
			productRefGroup = 60A7AFCC24BEE76F0036EBE4 /* Products */;
			projectDirPath = "";
			projectRoot = "";
			targets = (
				60A7AFCA24BEE76F0036EBE4 /* 29.导航控制器基础 */,
				60A7AFE524BEE7710036EBE4 /* 29.导航控制器基础Tests */,
				60A7AFF024BEE7710036EBE4 /* 29.导航控制器基础UITests */,
			);
		};
/* End PBXProject section */

/* Begin PBXResourcesBuildPhase section */
		60A7AFC924BEE76F0036EBE4 /* Resources */ = {
			isa = PBXResourcesBuildPhase;
			buildActionMask = 2147483647;
			files = (
				60A7AFDE24BEE7710036EBE4 /* LaunchScreen.storyboard in Resources */,
				60A7AFDB24BEE7710036EBE4 /* Assets.xcassets in Resources */,
				60A7AFD924BEE76F0036EBE4 /* Main.storyboard in Resources */,
			);
			runOnlyForDeploymentPostprocessing = 0;
		};
		60A7AFE424BEE7710036EBE4 /* Resources */ = {
			isa = PBXResourcesBuildPhase;
			buildActionMask = 2147483647;
			files = (
			);
			runOnlyForDeploymentPostprocessing = 0;
		};
		60A7AFEF24BEE7710036EBE4 /* Resources */ = {
			isa = PBXResourcesBuildPhase;
			buildActionMask = 2147483647;
			files = (
			);
			runOnlyForDeploymentPostprocessing = 0;
		};
/* End PBXResourcesBuildPhase section */

/* Begin PBXSourcesBuildPhase section */
		60A7AFC724BEE76F0036EBE4 /* Sources */ = {
			isa = PBXSourcesBuildPhase;
			buildActionMask = 2147483647;
			files = (
				60A7AFD624BEE76F0036EBE4 /* ViewController.m in Sources */,
				60A7AFD024BEE76F0036EBE4 /* AppDelegate.m in Sources */,
				60A7B00524BEE79D0036EBE4 /* VCROOT.m in Sources */,
				60A7AFE124BEE7710036EBE4 /* main.m in Sources */,
				60A7AFD324BEE76F0036EBE4 /* SceneDelegate.m in Sources */,
			);
			runOnlyForDeploymentPostprocessing = 0;
		};
		60A7AFE224BEE7710036EBE4 /* Sources */ = {
			isa = PBXSourcesBuildPhase;
			buildActionMask = 2147483647;
			files = (
				60A7AFEB24BEE7710036EBE4 /* _9________Tests.m in Sources */,
			);
			runOnlyForDeploymentPostprocessing = 0;
		};
		60A7AFED24BEE7710036EBE4 /* Sources */ = {
			isa = PBXSourcesBuildPhase;
			buildActionMask = 2147483647;
			files = (
				60A7AFF624BEE7710036EBE4 /* _9________UITests.m in Sources */,
			);
			runOnlyForDeploymentPostprocessing = 0;
		};
/* End PBXSourcesBuildPhase section */

/* Begin PBXTargetDependency section */
		60A7AFE824BEE7710036EBE4 /* PBXTargetDependency */ = {
			isa = PBXTargetDependency;
			target = 60A7AFCA24BEE76F0036EBE4 /* 29.导航控制器基础 */;
			targetProxy = 60A7AFE724BEE7710036EBE4 /* PBXContainerItemProxy */;
		};
		60A7AFF324BEE7710036EBE4 /* PBXTargetDependency */ = {
			isa = PBXTargetDependency;
			target = 60A7AFCA24BEE76F0036EBE4 /* 29.导航控制器基础 */;
			targetProxy = 60A7AFF224BEE7710036EBE4 /* PBXContainerItemProxy */;
		};
/* End PBXTargetDependency section */

/* Begin PBXVariantGroup section */
		60A7AFD724BEE76F0036EBE4 /* Main.storyboard */ = {
			isa = PBXVariantGroup;
			children = (
				60A7AFD824BEE76F0036EBE4 /* Base */,
			);
			name = Main.storyboard;
			sourceTree = "<group>";
		};
		60A7AFDC24BEE7710036EBE4 /* LaunchScreen.storyboard */ = {
			isa = PBXVariantGroup;
			children = (
				60A7AFDD24BEE7710036EBE4 /* Base */,
			);
			name = LaunchScreen.storyboard;
			sourceTree = "<group>";
		};
/* End PBXVariantGroup section */

/* Begin XCBuildConfiguration section */
		60A7AFF824BEE7710036EBE4 /* Debug */ = {
			isa = XCBuildConfiguration;
			buildSettings = {
				ALWAYS_SEARCH_USER_PATHS = NO;
				CLANG_ANALYZER_NONNULL = YES;
				CLANG_ANALYZER_NUMBER_OBJECT_CONVERSION = YES_AGGRESSIVE;
				CLANG_CXX_LANGUAGE_STANDARD = "gnu++14";
				CLANG_CXX_LIBRARY = "libc++";
				CLANG_ENABLE_MODULES = YES;
				CLANG_ENABLE_OBJC_ARC = YES;
				CLANG_ENABLE_OBJC_WEAK = YES;
				CLANG_WARN_BLOCK_CAPTURE_AUTORELEASING = YES;
				CLANG_WARN_BOOL_CONVERSION = YES;
				CLANG_WARN_COMMA = YES;
				CLANG_WARN_CONSTANT_CONVERSION = YES;
				CLANG_WARN_DEPRECATED_OBJC_IMPLEMENTATIONS = YES;
				CLANG_WARN_DIRECT_OBJC_ISA_USAGE = YES_ERROR;
				CLANG_WARN_DOCUMENTATION_COMMENTS = YES;
				CLANG_WARN_EMPTY_BODY = YES;
				CLANG_WARN_ENUM_CONVERSION = YES;
				CLANG_WARN_INFINITE_RECURSION = YES;
				CLANG_WARN_INT_CONVERSION = YES;
				CLANG_WARN_NON_LITERAL_NULL_CONVERSION = YES;
				CLANG_WARN_OBJC_IMPLICIT_RETAIN_SELF = YES;
				CLANG_WARN_OBJC_LITERAL_CONVERSION = YES;
				CLANG_WARN_OBJC_ROOT_CLASS = YES_ERROR;
				CLANG_WARN_RANGE_LOOP_ANALYSIS = YES;
				CLANG_WARN_STRICT_PROTOTYPES = YES;
				CLANG_WARN_SUSPICIOUS_MOVE = YES;
				CLANG_WARN_UNGUARDED_AVAILABILITY = YES_AGGRESSIVE;
				CLANG_WARN_UNREACHABLE_CODE = YES;
				CLANG_WARN__DUPLICATE_METHOD_MATCH = YES;
				COPY_PHASE_STRIP = NO;
				DEBUG_INFORMATION_FORMAT = dwarf;
				ENABLE_STRICT_OBJC_MSGSEND = YES;
				ENABLE_TESTABILITY = YES;
				GCC_C_LANGUAGE_STANDARD = gnu11;
				GCC_DYNAMIC_NO_PIC = NO;
				GCC_NO_COMMON_BLOCKS = YES;
				GCC_OPTIMIZATION_LEVEL = 0;
				GCC_PREPROCESSOR_DEFINITIONS = (
					"DEBUG=1",
					"$(inherited)",
				);
				GCC_WARN_64_TO_32_BIT_CONVERSION = YES;
				GCC_WARN_ABOUT_RETURN_TYPE = YES_ERROR;
				GCC_WARN_UNDECLARED_SELECTOR = YES;
				GCC_WARN_UNINITIALIZED_AUTOS = YES_AGGRESSIVE;
				GCC_WARN_UNUSED_FUNCTION = YES;
				GCC_WARN_UNUSED_VARIABLE = YES;
				IPHONEOS_DEPLOYMENT_TARGET = 13.5;
				MTL_ENABLE_DEBUG_INFO = INCLUDE_SOURCE;
				MTL_FAST_MATH = YES;
				ONLY_ACTIVE_ARCH = YES;
				SDKROOT = iphoneos;
			};
			name = Debug;
		};
		60A7AFF924BEE7710036EBE4 /* Release */ = {
			isa = XCBuildConfiguration;
			buildSettings = {
				ALWAYS_SEARCH_USER_PATHS = NO;
				CLANG_ANALYZER_NONNULL = YES;
				CLANG_ANALYZER_NUMBER_OBJECT_CONVERSION = YES_AGGRESSIVE;
				CLANG_CXX_LANGUAGE_STANDARD = "gnu++14";
				CLANG_CXX_LIBRARY = "libc++";
				CLANG_ENABLE_MODULES = YES;
				CLANG_ENABLE_OBJC_ARC = YES;
				CLANG_ENABLE_OBJC_WEAK = YES;
				CLANG_WARN_BLOCK_CAPTURE_AUTORELEASING = YES;
				CLANG_WARN_BOOL_CONVERSION = YES;
				CLANG_WARN_COMMA = YES;
				CLANG_WARN_CONSTANT_CONVERSION = YES;
				CLANG_WARN_DEPRECATED_OBJC_IMPLEMENTATIONS = YES;
				CLANG_WARN_DIRECT_OBJC_ISA_USAGE = YES_ERROR;
				CLANG_WARN_DOCUMENTATION_COMMENTS = YES;
				CLANG_WARN_EMPTY_BODY = YES;
				CLANG_WARN_ENUM_CONVERSION = YES;
				CLANG_WARN_INFINITE_RECURSION = YES;
				CLANG_WARN_INT_CONVERSION = YES;
				CLANG_WARN_NON_LITERAL_NULL_CONVERSION = YES;
				CLANG_WARN_OBJC_IMPLICIT_RETAIN_SELF = YES;
				CLANG_WARN_OBJC_LITERAL_CONVERSION = YES;
				CLANG_WARN_OBJC_ROOT_CLASS = YES_ERROR;
				CLANG_WARN_RANGE_LOOP_ANALYSIS = YES;
				CLANG_WARN_STRICT_PROTOTYPES = YES;
				CLANG_WARN_SUSPICIOUS_MOVE = YES;
				CLANG_WARN_UNGUARDED_AVAILABILITY = YES_AGGRESSIVE;
				CLANG_WARN_UNREACHABLE_CODE = YES;
				CLANG_WARN__DUPLICATE_METHOD_MATCH = YES;
				COPY_PHASE_STRIP = NO;
				DEBUG_INFORMATION_FORMAT = "dwarf-with-dsym";
				ENABLE_NS_ASSERTIONS = NO;
				ENABLE_STRICT_OBJC_MSGSEND = YES;
				GCC_C_LANGUAGE_STANDARD = gnu11;
				GCC_NO_COMMON_BLOCKS = YES;
				GCC_WARN_64_TO_32_BIT_CONVERSION = YES;
				GCC_WARN_ABOUT_RETURN_TYPE = YES_ERROR;
				GCC_WARN_UNDECLARED_SELECTOR = YES;
				GCC_WARN_UNINITIALIZED_AUTOS = YES_AGGRESSIVE;
				GCC_WARN_UNUSED_FUNCTION = YES;
				GCC_WARN_UNUSED_VARIABLE = YES;
				IPHONEOS_DEPLOYMENT_TARGET = 13.5;
				MTL_ENABLE_DEBUG_INFO = NO;
				MTL_FAST_MATH = YES;
				SDKROOT = iphoneos;
				VALIDATE_PRODUCT = YES;
			};
			name = Release;
		};
		60A7AFFB24BEE7710036EBE4 /* Debug */ = {
			isa = XCBuildConfiguration;
			buildSettings = {
				ASSETCATALOG_COMPILER_APPICON_NAME = AppIcon;
				CODE_SIGN_STYLE = Automatic;
				INFOPLIST_FILE = "29.导航控制器基础/Info.plist";
				LD_RUNPATH_SEARCH_PATHS = (
					"$(inherited)",
					"@executable_path/Frameworks",
				);
				PRODUCT_BUNDLE_IDENTIFIER = "fzh541788.-9--------";
				PRODUCT_NAME = "$(TARGET_NAME)";
				TARGETED_DEVICE_FAMILY = "1,2";
			};
			name = Debug;
		};
		60A7AFFC24BEE7710036EBE4 /* Release */ = {
			isa = XCBuildConfiguration;
			buildSettings = {
				ASSETCATALOG_COMPILER_APPICON_NAME = AppIcon;
				CODE_SIGN_STYLE = Automatic;
				INFOPLIST_FILE = "29.导航控制器基础/Info.plist";
				LD_RUNPATH_SEARCH_PATHS = (
					"$(inherited)",
					"@executable_path/Frameworks",
				);
				PRODUCT_BUNDLE_IDENTIFIER = "fzh541788.-9--------";
				PRODUCT_NAME = "$(TARGET_NAME)";
				TARGETED_DEVICE_FAMILY = "1,2";
			};
			name = Release;
		};
		60A7AFFE24BEE7710036EBE4 /* Debug */ = {
			isa = XCBuildConfiguration;
			buildSettings = {
				BUNDLE_LOADER = "$(TEST_HOST)";
				CODE_SIGN_STYLE = Automatic;
				INFOPLIST_FILE = "29.导航控制器基础Tests/Info.plist";
				IPHONEOS_DEPLOYMENT_TARGET = 13.5;
				LD_RUNPATH_SEARCH_PATHS = (
					"$(inherited)",
					"@executable_path/Frameworks",
					"@loader_path/Frameworks",
				);
				PRODUCT_BUNDLE_IDENTIFIER = "fzh541788.-9--------Tests";
				PRODUCT_NAME = "$(TARGET_NAME)";
				TARGETED_DEVICE_FAMILY = "1,2";
				TEST_HOST = "$(BUILT_PRODUCTS_DIR)/29.导航控制器基础.app/29.导航控制器基础";
			};
			name = Debug;
		};
		60A7AFFF24BEE7710036EBE4 /* Release */ = {
			isa = XCBuildConfiguration;
			buildSettings = {
				BUNDLE_LOADER = "$(TEST_HOST)";
				CODE_SIGN_STYLE = Automatic;
				INFOPLIST_FILE = "29.导航控制器基础Tests/Info.plist";
				IPHONEOS_DEPLOYMENT_TARGET = 13.5;
				LD_RUNPATH_SEARCH_PATHS = (
					"$(inherited)",
					"@executable_path/Frameworks",
					"@loader_path/Frameworks",
				);
				PRODUCT_BUNDLE_IDENTIFIER = "fzh541788.-9--------Tests";
				PRODUCT_NAME = "$(TARGET_NAME)";
				TARGETED_DEVICE_FAMILY = "1,2";
				TEST_HOST = "$(BUILT_PRODUCTS_DIR)/29.导航控制器基础.app/29.导航控制器基础";
			};
			name = Release;
		};
		60A7B00124BEE7710036EBE4 /* Debug */ = {
			isa = XCBuildConfiguration;
			buildSettings = {
				CODE_SIGN_STYLE = Automatic;
				INFOPLIST_FILE = "29.导航控制器基础UITests/Info.plist";
				LD_RUNPATH_SEARCH_PATHS = (
					"$(inherited)",
					"@executable_path/Frameworks",
					"@loader_path/Frameworks",
				);
				PRODUCT_BUNDLE_IDENTIFIER = "fzh541788.-9--------UITests";
				PRODUCT_NAME = "$(TARGET_NAME)";
				TARGETED_DEVICE_FAMILY = "1,2";
				TEST_TARGET_NAME = "29.导航控制器基础";
			};
			name = Debug;
		};
		60A7B00224BEE7710036EBE4 /* Release */ = {
			isa = XCBuildConfiguration;
			buildSettings = {
				CODE_SIGN_STYLE = Automatic;
				INFOPLIST_FILE = "29.导航控制器基础UITests/Info.plist";
				LD_RUNPATH_SEARCH_PATHS = (
					"$(inherited)",
					"@executable_path/Frameworks",
					"@loader_path/Frameworks",
				);
				PRODUCT_BUNDLE_IDENTIFIER = "fzh541788.-9--------UITests";
				PRODUCT_NAME = "$(TARGET_NAME)";
				TARGETED_DEVICE_FAMILY = "1,2";
				TEST_TARGET_NAME = "29.导航控制器基础";
			};
			name = Release;
		};
/* End XCBuildConfiguration section */

/* Begin XCConfigurationList section */
		60A7AFC624BEE76F0036EBE4 /* Build configuration list for PBXProject "29.导航控制器基础" */ = {
			isa = XCConfigurationList;
			buildConfigurations = (
				60A7AFF824BEE7710036EBE4 /* Debug */,
				60A7AFF924BEE7710036EBE4 /* Release */,
			);
			defaultConfigurationIsVisible = 0;
			defaultConfigurationName = Release;
		};
		60A7AFFA24BEE7710036EBE4 /* Build configuration list for PBXNativeTarget "29.导航控制器基础" */ = {
			isa = XCConfigurationList;
			buildConfigurations = (
				60A7AFFB24BEE7710036EBE4 /* Debug */,
				60A7AFFC24BEE7710036EBE4 /* Release */,
			);
			defaultConfigurationIsVisible = 0;
			defaultConfigurationName = Release;
		};
		60A7AFFD24BEE7710036EBE4 /* Build configuration list for PBXNativeTarget "29.导航控制器基础Tests" */ = {
			isa = XCConfigurationList;
			buildConfigurations = (
				60A7AFFE24BEE7710036EBE4 /* Debug */,
				60A7AFFF24BEE7710036EBE4 /* Release */,
			);
			defaultConfigurationIsVisible = 0;
			defaultConfigurationName = Release;
		};
		60A7B00024BEE7710036EBE4 /* Build configuration list for PBXNativeTarget "29.导航控制器基础UITests" */ = {
			isa = XCConfigurationList;
			buildConfigurations = (
				60A7B00124BEE7710036EBE4 /* Debug */,
				60A7B00224BEE7710036EBE4 /* Release */,
			);
			defaultConfigurationIsVisible = 0;
			defaultConfigurationName = Release;
		};
/* End XCConfigurationList section */
	};
	rootObject = 60A7AFC324BEE76F0036EBE4 /* Project object */;
}
